
Microsoft Visual Studio Solution File, Format Version 12.00
Project("{2150E333-8FDC-42A3-9474-1A3956D46DE8}") = "Catalog", "Catalog", "{6657B545-F0B0-442A-B0C8-6AF6D525ACAF}"
EndProject
Project("{FAE04EC0-301F-11D3-BF4B-00C04F79EFBC}") = "DAL", "DAL\DAL.csproj", "{09F60251-71A0-4FF4-A4EA-430AC01693AE}"
EndProject
Project("{FAE04EC0-301F-11D3-BF4B-00C04F79EFBC}") = "DAL.Tests", "DAL.Tests\DAL.Tests.csproj", "{1A7C2A03-FA88-46D1-9E2E-DACAF389D370}"
EndProject
Project("{FAE04EC0-301F-11D3-BF4B-00C04F79EFBC}") = "BLL", "BLL\BLL.csproj", "{BC99052D-4B07-40DC-B428-9FAC83531F8E}"
EndProject
Project("{FAE04EC0-301F-11D3-BF4B-00C04F79EFBC}") = "CCL", "CCL\CCL.csproj", "{FF9ED34B-7888-4419-8ECD-D6D22DA49127}"
EndProject
Project("{FAE04EC0-301F-11D3-BF4B-00C04F79EFBC}") = "BLL.Tests", "BLL.Tests\BLL.Tests.csproj", "{2036C2FD-DAE6-44EA-BCC9-3B43F7810E17}"
EndProject
Project("{FAE04EC0-301F-11D3-BF4B-00C04F79EFBC}") = "Patterns", "Patterns\Patterns.csproj", "{7CA716F5-DC67-45E4-8490-D9847170E402}"
EndProject
Global
	GlobalSection(SolutionConfigurationPlatforms) = preSolution
		Debug|Any CPU = Debug|Any CPU
		Release|Any CPU = Release|Any CPU
	EndGlobalSection
	GlobalSection(NestedProjects) = preSolution
		{09F60251-71A0-4FF4-A4EA-430AC01693AE} = {6657B545-F0B0-442A-B0C8-6AF6D525ACAF}
		{1A7C2A03-FA88-46D1-9E2E-DACAF389D370} = {6657B545-F0B0-442A-B0C8-6AF6D525ACAF}
		{BC99052D-4B07-40DC-B428-9FAC83531F8E} = {6657B545-F0B0-442A-B0C8-6AF6D525ACAF}
		{FF9ED34B-7888-4419-8ECD-D6D22DA49127} = {6657B545-F0B0-442A-B0C8-6AF6D525ACAF}
		{2036C2FD-DAE6-44EA-BCC9-3B43F7810E17} = {6657B545-F0B0-442A-B0C8-6AF6D525ACAF}
		{7CA716F5-DC67-45E4-8490-D9847170E402} = {6657B545-F0B0-442A-B0C8-6AF6D525ACAF}
	EndGlobalSection
	GlobalSection(ProjectConfigurationPlatforms) = postSolution
		{09F60251-71A0-4FF4-A4EA-430AC01693AE}.Debug|Any CPU.ActiveCfg = Debug|Any CPU
		{09F60251-71A0-4FF4-A4EA-430AC01693AE}.Debug|Any CPU.Build.0 = Debug|Any CPU
		{09F60251-71A0-4FF4-A4EA-430AC01693AE}.Release|Any CPU.ActiveCfg = Release|Any CPU
		{09F60251-71A0-4FF4-A4EA-430AC01693AE}.Release|Any CPU.Build.0 = Release|Any CPU
		{1A7C2A03-FA88-46D1-9E2E-DACAF389D370}.Debug|Any CPU.ActiveCfg = Debug|Any CPU
		{1A7C2A03-FA88-46D1-9E2E-DACAF389D370}.Debug|Any CPU.Build.0 = Debug|Any CPU
		{1A7C2A03-FA88-46D1-9E2E-DACAF389D370}.Release|Any CPU.ActiveCfg = Release|Any CPU
		{1A7C2A03-FA88-46D1-9E2E-DACAF389D370}.Release|Any CPU.Build.0 = Release|Any CPU
		{BC99052D-4B07-40DC-B428-9FAC83531F8E}.Debug|Any CPU.ActiveCfg = Debug|Any CPU
		{BC99052D-4B07-40DC-B428-9FAC83531F8E}.Debug|Any CPU.Build.0 = Debug|Any CPU
		{BC99052D-4B07-40DC-B428-9FAC83531F8E}.Release|Any CPU.ActiveCfg = Release|Any CPU
		{BC99052D-4B07-40DC-B428-9FAC83531F8E}.Release|Any CPU.Build.0 = Release|Any CPU
		{FF9ED34B-7888-4419-8ECD-D6D22DA49127}.Debug|Any CPU.ActiveCfg = Debug|Any CPU
		{FF9ED34B-7888-4419-8ECD-D6D22DA49127}.Debug|Any CPU.Build.0 = Debug|Any CPU
		{FF9ED34B-7888-4419-8ECD-D6D22DA49127}.Release|Any CPU.ActiveCfg = Release|Any CPU
		{FF9ED34B-7888-4419-8ECD-D6D22DA49127}.Release|Any CPU.Build.0 = Release|Any CPU
		{2036C2FD-DAE6-44EA-BCC9-3B43F7810E17}.Debug|Any CPU.ActiveCfg = Debug|Any CPU
		{2036C2FD-DAE6-44EA-BCC9-3B43F7810E17}.Debug|Any CPU.Build.0 = Debug|Any CPU
		{2036C2FD-DAE6-44EA-BCC9-3B43F7810E17}.Release|Any CPU.ActiveCfg = Release|Any CPU
		{2036C2FD-DAE6-44EA-BCC9-3B43F7810E17}.Release|Any CPU.Build.0 = Release|Any CPU
		{7CA716F5-DC67-45E4-8490-D9847170E402}.Debug|Any CPU.ActiveCfg = Debug|Any CPU
		{7CA716F5-DC67-45E4-8490-D9847170E402}.Debug|Any CPU.Build.0 = Debug|Any CPU
		{7CA716F5-DC67-45E4-8490-D9847170E402}.Release|Any CPU.ActiveCfg = Release|Any CPU
		{7CA716F5-DC67-45E4-8490-D9847170E402}.Release|Any CPU.Build.0 = Release|Any CPU
	EndGlobalSection
EndGlobal
